// !$*UTF8*$!
{
	archiveVersion = 1;
	classes = {
	};
	objectVersion = 50;
	objects = {

/* Begin PBXBuildFile section */
		E503C75B21E1351100D3FD47 /* LevelSet.swift in Sources */ = {isa = PBXBuildFile; fileRef = E503C75A21E1351100D3FD47 /* LevelSet.swift */; };
		E508CECD216FD98C0029408A /* LevelTableViewCell.swift in Sources */ = {isa = PBXBuildFile; fileRef = E508CECC216FD98C0029408A /* LevelTableViewCell.swift */; };
		E543F3F52162B77200329519 /* Orbitron-Black.ttf in Resources */ = {isa = PBXBuildFile; fileRef = E543F3F02162B77200329519 /* Orbitron-Black.ttf */; };
		E543F3F62162B77200329519 /* Orbitron-Medium.ttf in Resources */ = {isa = PBXBuildFile; fileRef = E543F3F12162B77200329519 /* Orbitron-Medium.ttf */; };
		E543F3F72162B77200329519 /* Orbitron-Regular.ttf in Resources */ = {isa = PBXBuildFile; fileRef = E543F3F22162B77200329519 /* Orbitron-Regular.ttf */; };
		E543F3F82162B77200329519 /* OFL.txt in Resources */ = {isa = PBXBuildFile; fileRef = E543F3F32162B77200329519 /* OFL.txt */; };
		E543F3F92162B77200329519 /* Orbitron-Bold.ttf in Resources */ = {isa = PBXBuildFile; fileRef = E543F3F42162B77200329519 /* Orbitron-Bold.ttf */; };
		E54E2957219A0F120042934E /* WinScreenController.swift in Sources */ = {isa = PBXBuildFile; fileRef = E54E2956219A0F120042934E /* WinScreenController.swift */; };
		E56E325A21735E8200A16788 /* Level.swift in Sources */ = {isa = PBXBuildFile; fileRef = E56E325921735E8200A16788 /* Level.swift */; };
		E56E325C2173612500A16788 /* LevelTableViewController.swift in Sources */ = {isa = PBXBuildFile; fileRef = E56E325B2173612500A16788 /* LevelTableViewController.swift */; };
		E5AB86E021DE4AD700337825 /* LevelMenuViewController.swift in Sources */ = {isa = PBXBuildFile; fileRef = E5AB86DF21DE4AD700337825 /* LevelMenuViewController.swift */; };
		E5AB86E221DE625300337825 /* OptionsViewController.swift in Sources */ = {isa = PBXBuildFile; fileRef = E5AB86E121DE625300337825 /* OptionsViewController.swift */; };
		E5AB86E421DE627400337825 /* AboutViewController.swift in Sources */ = {isa = PBXBuildFile; fileRef = E5AB86E321DE627400337825 /* AboutViewController.swift */; };
		E5AB86E621DE634900337825 /* HelpViewController.swift in Sources */ = {isa = PBXBuildFile; fileRef = E5AB86E521DE634900337825 /* HelpViewController.swift */; };
		E5AB86E821DE6A4000337825 /* OptionsMenuViewController.swift in Sources */ = {isa = PBXBuildFile; fileRef = E5AB86E721DE6A4000337825 /* OptionsMenuViewController.swift */; };
		E5AB86EA21DE6A5400337825 /* AboutMenuViewController.swift in Sources */ = {isa = PBXBuildFile; fileRef = E5AB86E921DE6A5400337825 /* AboutMenuViewController.swift */; };
		E5B2FB6E216A8A8400A13D18 /* FlippingHell.swift in Sources */ = {isa = PBXBuildFile; fileRef = E5B2FB6D216A8A8400A13D18 /* FlippingHell.swift */; };
		E5C106B5215408AF00947220 /* AppDelegate.swift in Sources */ = {isa = PBXBuildFile; fileRef = E5C106B4215408AF00947220 /* AppDelegate.swift */; };
		E5C106B7215408AF00947220 /* MainViewController.swift in Sources */ = {isa = PBXBuildFile; fileRef = E5C106B6215408AF00947220 /* MainViewController.swift */; };
		E5C106BA215408AF00947220 /* Main.storyboard in Resources */ = {isa = PBXBuildFile; fileRef = E5C106B8215408AF00947220 /* Main.storyboard */; };
		E5C106BC215408B000947220 /* Assets.xcassets in Resources */ = {isa = PBXBuildFile; fileRef = E5C106BB215408B000947220 /* Assets.xcassets */; };
		E5C106BF215408B000947220 /* LaunchScreen.storyboard in Resources */ = {isa = PBXBuildFile; fileRef = E5C106BD215408B000947220 /* LaunchScreen.storyboard */; };
		E5C106CA215408B100947220 /* Flipping_HellTests.swift in Sources */ = {isa = PBXBuildFile; fileRef = E5C106C9215408B100947220 /* Flipping_HellTests.swift */; };
		E5C106D5215408B100947220 /* Flipping_HellUITests.swift in Sources */ = {isa = PBXBuildFile; fileRef = E5C106D4215408B100947220 /* Flipping_HellUITests.swift */; };
		E5F12CC121B94949004D0176 /* GameViewController.swift in Sources */ = {isa = PBXBuildFile; fileRef = E5F12CC021B94949004D0176 /* GameViewController.swift */; };
/* End PBXBuildFile section */

/* Begin PBXContainerItemProxy section */
		E5C106C6215408B100947220 /* PBXContainerItemProxy */ = {
			isa = PBXContainerItemProxy;
			containerPortal = E5C106A9215408AF00947220 /* Project object */;
			proxyType = 1;
			remoteGlobalIDString = E5C106B0215408AF00947220;
			remoteInfo = "Flipping Hell";
		};
		E5C106D1215408B100947220 /* PBXContainerItemProxy */ = {
			isa = PBXContainerItemProxy;
			containerPortal = E5C106A9215408AF00947220 /* Project object */;
			proxyType = 1;
			remoteGlobalIDString = E5C106B0215408AF00947220;
			remoteInfo = "Flipping Hell";
		};
/* End PBXContainerItemProxy section */

/* Begin PBXFileReference section */
		E503C75A21E1351100D3FD47 /* LevelSet.swift */ = {isa = PBXFileReference; lastKnownFileType = sourcecode.swift; path = LevelSet.swift; sourceTree = "<group>"; };
		E508CECC216FD98C0029408A /* LevelTableViewCell.swift */ = {isa = PBXFileReference; lastKnownFileType = sourcecode.swift; path = LevelTableViewCell.swift; sourceTree = "<group>"; };
		E543F3F02162B77200329519 /* Orbitron-Black.ttf */ = {isa = PBXFileReference; lastKnownFileType = file; path = "Orbitron-Black.ttf"; sourceTree = "<group>"; };
		E543F3F12162B77200329519 /* Orbitron-Medium.ttf */ = {isa = PBXFileReference; lastKnownFileType = file; path = "Orbitron-Medium.ttf"; sourceTree = "<group>"; };
		E543F3F22162B77200329519 /* Orbitron-Regular.ttf */ = {isa = PBXFileReference; lastKnownFileType = file; path = "Orbitron-Regular.ttf"; sourceTree = "<group>"; };
		E543F3F32162B77200329519 /* OFL.txt */ = {isa = PBXFileReference; fileEncoding = 4; lastKnownFileType = text; path = OFL.txt; sourceTree = "<group>"; };
		E543F3F42162B77200329519 /* Orbitron-Bold.ttf */ = {isa = PBXFileReference; lastKnownFileType = file; path = "Orbitron-Bold.ttf"; sourceTree = "<group>"; };
		E54E2956219A0F120042934E /* WinScreenController.swift */ = {isa = PBXFileReference; lastKnownFileType = sourcecode.swift; path = WinScreenController.swift; sourceTree = "<group>"; };
		E56E325921735E8200A16788 /* Level.swift */ = {isa = PBXFileReference; lastKnownFileType = sourcecode.swift; path = Level.swift; sourceTree = "<group>"; };
		E56E325B2173612500A16788 /* LevelTableViewController.swift */ = {isa = PBXFileReference; lastKnownFileType = sourcecode.swift; path = LevelTableViewController.swift; sourceTree = "<group>"; };
		E5AB86DF21DE4AD700337825 /* LevelMenuViewController.swift */ = {isa = PBXFileReference; lastKnownFileType = sourcecode.swift; path = LevelMenuViewController.swift; sourceTree = "<group>"; };
		E5AB86E121DE625300337825 /* OptionsViewController.swift */ = {isa = PBXFileReference; lastKnownFileType = sourcecode.swift; path = OptionsViewController.swift; sourceTree = "<group>"; };
		E5AB86E321DE627400337825 /* AboutViewController.swift */ = {isa = PBXFileReference; lastKnownFileType = sourcecode.swift; path = AboutViewController.swift; sourceTree = "<group>"; };
		E5AB86E521DE634900337825 /* HelpViewController.swift */ = {isa = PBXFileReference; lastKnownFileType = sourcecode.swift; path = HelpViewController.swift; sourceTree = "<group>"; };
		E5AB86E721DE6A4000337825 /* OptionsMenuViewController.swift */ = {isa = PBXFileReference; lastKnownFileType = sourcecode.swift; path = OptionsMenuViewController.swift; sourceTree = "<group>"; };
		E5AB86E921DE6A5400337825 /* AboutMenuViewController.swift */ = {isa = PBXFileReference; lastKnownFileType = sourcecode.swift; path = AboutMenuViewController.swift; sourceTree = "<group>"; };
		E5B2FB6D216A8A8400A13D18 /* FlippingHell.swift */ = {isa = PBXFileReference; lastKnownFileType = sourcecode.swift; path = FlippingHell.swift; sourceTree = "<group>"; };
		E5C106B1215408AF00947220 /* Flipping Hell.app */ = {isa = PBXFileReference; explicitFileType = wrapper.application; includeInIndex = 0; path = "Flipping Hell.app"; sourceTree = BUILT_PRODUCTS_DIR; };
		E5C106B4215408AF00947220 /* AppDelegate.swift */ = {isa = PBXFileReference; lastKnownFileType = sourcecode.swift; path = AppDelegate.swift; sourceTree = "<group>"; };
		E5C106B6215408AF00947220 /* MainViewController.swift */ = {isa = PBXFileReference; lastKnownFileType = sourcecode.swift; path = MainViewController.swift; sourceTree = "<group>"; };
		E5C106B9215408AF00947220 /* Base */ = {isa = PBXFileReference; lastKnownFileType = file.storyboard; name = Base; path = Base.lproj/Main.storyboard; sourceTree = "<group>"; };
		E5C106BB215408B000947220 /* Assets.xcassets */ = {isa = PBXFileReference; lastKnownFileType = folder.assetcatalog; path = Assets.xcassets; sourceTree = "<group>"; };
		E5C106BE215408B000947220 /* Base */ = {isa = PBXFileReference; lastKnownFileType = file.storyboard; name = Base; path = Base.lproj/LaunchScreen.storyboard; sourceTree = "<group>"; };
		E5C106C0215408B000947220 /* Info.plist */ = {isa = PBXFileReference; lastKnownFileType = text.plist.xml; path = Info.plist; sourceTree = "<group>"; };
		E5C106C5215408B100947220 /* Flipping HellTests.xctest */ = {isa = PBXFileReference; explicitFileType = wrapper.cfbundle; includeInIndex = 0; path = "Flipping HellTests.xctest"; sourceTree = BUILT_PRODUCTS_DIR; };
		E5C106C9215408B100947220 /* Flipping_HellTests.swift */ = {isa = PBXFileReference; lastKnownFileType = sourcecode.swift; path = Flipping_HellTests.swift; sourceTree = "<group>"; };
		E5C106CB215408B100947220 /* Info.plist */ = {isa = PBXFileReference; lastKnownFileType = text.plist.xml; path = Info.plist; sourceTree = "<group>"; };
		E5C106D0215408B100947220 /* Flipping HellUITests.xctest */ = {isa = PBXFileReference; explicitFileType = wrapper.cfbundle; includeInIndex = 0; path = "Flipping HellUITests.xctest"; sourceTree = BUILT_PRODUCTS_DIR; };
		E5C106D4215408B100947220 /* Flipping_HellUITests.swift */ = {isa = PBXFileReference; lastKnownFileType = sourcecode.swift; path = Flipping_HellUITests.swift; sourceTree = "<group>"; };
		E5C106D6215408B100947220 /* Info.plist */ = {isa = PBXFileReference; lastKnownFileType = text.plist.xml; path = Info.plist; sourceTree = "<group>"; };
		E5F12CC021B94949004D0176 /* GameViewController.swift */ = {isa = PBXFileReference; lastKnownFileType = sourcecode.swift; path = GameViewController.swift; sourceTree = "<group>"; };
/* End PBXFileReference section */

/* Begin PBXFrameworksBuildPhase section */
		E5C106AE215408AF00947220 /* Frameworks */ = {
			isa = PBXFrameworksBuildPhase;
			buildActionMask = 2147483647;
			files = (
			);
			runOnlyForDeploymentPostprocessing = 0;
		};
		E5C106C2215408B100947220 /* Frameworks */ = {
			isa = PBXFrameworksBuildPhase;
			buildActionMask = 2147483647;
			files = (
			);
			runOnlyForDeploymentPostprocessing = 0;
		};
		E5C106CD215408B100947220 /* Frameworks */ = {
			isa = PBXFrameworksBuildPhase;
			buildActionMask = 2147483647;
			files = (
			);
			runOnlyForDeploymentPostprocessing = 0;
		};
/* End PBXFrameworksBuildPhase section */

/* Begin PBXGroup section */
		E543F3EF2162B77200329519 /* resources */ = {
			isa = PBXGroup;
			children = (
				E543F3F02162B77200329519 /* Orbitron-Black.ttf */,
				E543F3F12162B77200329519 /* Orbitron-Medium.ttf */,
				E543F3F22162B77200329519 /* Orbitron-Regular.ttf */,
				E543F3F42162B77200329519 /* Orbitron-Bold.ttf */,
				E543F3F32162B77200329519 /* OFL.txt */,
			);
			path = resources;
			sourceTree = "<group>";
		};
		E5AB86EB21DE6C3800337825 /* Model */ = {
			isa = PBXGroup;
			children = (
				E5B2FB6D216A8A8400A13D18 /* FlippingHell.swift */,
				E503C75A21E1351100D3FD47 /* LevelSet.swift */,
				E56E325921735E8200A16788 /* Level.swift */,
			);
			path = Model;
			sourceTree = "<group>";
		};
		E5AB86EC21DE6C4F00337825 /* Options & About & Help */ = {
			isa = PBXGroup;
			children = (
				E5AB86E521DE634900337825 /* HelpViewController.swift */,
				E5AB86E721DE6A4000337825 /* OptionsMenuViewController.swift */,
				E5AB86E121DE625300337825 /* OptionsViewController.swift */,
				E5AB86E921DE6A5400337825 /* AboutMenuViewController.swift */,
				E5AB86E321DE627400337825 /* AboutViewController.swift */,
			);
			path = "Options & About & Help";
			sourceTree = "<group>";
		};
		E5C106A8215408AF00947220 = {
			isa = PBXGroup;
			children = (
				E5C106B3215408AF00947220 /* Flipping Hell */,
				E5C106C8215408B100947220 /* Flipping HellTests */,
				E5C106D3215408B100947220 /* Flipping HellUITests */,
				E5C106B2215408AF00947220 /* Products */,
			);
			sourceTree = "<group>";
		};
		E5C106B2215408AF00947220 /* Products */ = {
			isa = PBXGroup;
			children = (
				E5C106B1215408AF00947220 /* Flipping Hell.app */,
				E5C106C5215408B100947220 /* Flipping HellTests.xctest */,
				E5C106D0215408B100947220 /* Flipping HellUITests.xctest */,
			);
			name = Products;
			sourceTree = "<group>";
		};
		E5C106B3215408AF00947220 /* Flipping Hell */ = {
			isa = PBXGroup;
			children = (
				E5C106C0215408B000947220 /* Info.plist */,
				E5C106B4215408AF00947220 /* AppDelegate.swift */,
				E5C106BD215408B000947220 /* LaunchScreen.storyboard */,
				E5C106B8215408AF00947220 /* Main.storyboard */,
				E5F12CC021B94949004D0176 /* GameViewController.swift */,
				E5AB86DF21DE4AD700337825 /* LevelMenuViewController.swift */,
				E56E325B2173612500A16788 /* LevelTableViewController.swift */,
				E508CECC216FD98C0029408A /* LevelTableViewCell.swift */,
				E5C106B6215408AF00947220 /* MainViewController.swift */,
				E54E2956219A0F120042934E /* WinScreenController.swift */,
				E5AB86EC21DE6C4F00337825 /* Options & About & Help */,
				E5AB86EB21DE6C3800337825 /* Model */,
				E543F3EF2162B77200329519 /* resources */,
				E5C106BB215408B000947220 /* Assets.xcassets */,
			);
			path = "Flipping Hell";
			sourceTree = "<group>";
		};
		E5C106C8215408B100947220 /* Flipping HellTests */ = {
			isa = PBXGroup;
			children = (
				E5C106C9215408B100947220 /* Flipping_HellTests.swift */,
				E5C106CB215408B100947220 /* Info.plist */,
			);
			path = "Flipping HellTests";
			sourceTree = "<group>";
		};
		E5C106D3215408B100947220 /* Flipping HellUITests */ = {
			isa = PBXGroup;
			children = (
				E5C106D4215408B100947220 /* Flipping_HellUITests.swift */,
				E5C106D6215408B100947220 /* Info.plist */,
			);
			path = "Flipping HellUITests";
			sourceTree = "<group>";
		};
/* End PBXGroup section */

/* Begin PBXNativeTarget section */
		E5C106B0215408AF00947220 /* Flipping Hell */ = {
			isa = PBXNativeTarget;
			buildConfigurationList = E5C106D9215408B100947220 /* Build configuration list for PBXNativeTarget "Flipping Hell" */;
			buildPhases = (
				E5C106AD215408AF00947220 /* Sources */,
				E5C106AE215408AF00947220 /* Frameworks */,
				E5C106AF215408AF00947220 /* Resources */,
			);
			buildRules = (
			);
			dependencies = (
			);
			name = "Flipping Hell";
			productName = "Flipping Hell";
			productReference = E5C106B1215408AF00947220 /* Flipping Hell.app */;
			productType = "com.apple.product-type.application";
		};
		E5C106C4215408B100947220 /* Flipping HellTests */ = {
			isa = PBXNativeTarget;
			buildConfigurationList = E5C106DC215408B100947220 /* Build configuration list for PBXNativeTarget "Flipping HellTests" */;
			buildPhases = (
				E5C106C1215408B100947220 /* Sources */,
				E5C106C2215408B100947220 /* Frameworks */,
				E5C106C3215408B100947220 /* Resources */,
			);
			buildRules = (
			);
			dependencies = (
				E5C106C7215408B100947220 /* PBXTargetDependency */,
			);
			name = "Flipping HellTests";
			productName = "Flipping HellTests";
			productReference = E5C106C5215408B100947220 /* Flipping HellTests.xctest */;
			productType = "com.apple.product-type.bundle.unit-test";
		};
		E5C106CF215408B100947220 /* Flipping HellUITests */ = {
			isa = PBXNativeTarget;
			buildConfigurationList = E5C106DF215408B100947220 /* Build configuration list for PBXNativeTarget "Flipping HellUITests" */;
			buildPhases = (
				E5C106CC215408B100947220 /* Sources */,
				E5C106CD215408B100947220 /* Frameworks */,
				E5C106CE215408B100947220 /* Resources */,
			);
			buildRules = (
			);
			dependencies = (
				E5C106D2215408B100947220 /* PBXTargetDependency */,
			);
			name = "Flipping HellUITests";
			productName = "Flipping HellUITests";
			productReference = E5C106D0215408B100947220 /* Flipping HellUITests.xctest */;
			productType = "com.apple.product-type.bundle.ui-testing";
		};
/* End PBXNativeTarget section */

/* Begin PBXProject section */
		E5C106A9215408AF00947220 /* Project object */ = {
			isa = PBXProject;
			attributes = {
				LastSwiftUpdateCheck = 1000;
				LastUpgradeCheck = 1000;
				ORGANIZATIONNAME = "Hans Guntersson Ltd";
				TargetAttributes = {
					E5C106B0215408AF00947220 = {
						CreatedOnToolsVersion = 10.0;
					};
					E5C106C4215408B100947220 = {
						CreatedOnToolsVersion = 10.0;
						TestTargetID = E5C106B0215408AF00947220;
					};
					E5C106CF215408B100947220 = {
						CreatedOnToolsVersion = 10.0;
						TestTargetID = E5C106B0215408AF00947220;
					};
				};
			};
			buildConfigurationList = E5C106AC215408AF00947220 /* Build configuration list for PBXProject "Flipping Hell" */;
			compatibilityVersion = "Xcode 9.3";
			developmentRegion = en;
			hasScannedForEncodings = 0;
			knownRegions = (
				en,
				Base,
			);
			mainGroup = E5C106A8215408AF00947220;
			productRefGroup = E5C106B2215408AF00947220 /* Products */;
			projectDirPath = "";
			projectRoot = "";
			targets = (
				E5C106B0215408AF00947220 /* Flipping Hell */,
				E5C106C4215408B100947220 /* Flipping HellTests */,
				E5C106CF215408B100947220 /* Flipping HellUITests */,
			);
		};
/* End PBXProject section */

/* Begin PBXResourcesBuildPhase section */
		E5C106AF215408AF00947220 /* Resources */ = {
			isa = PBXResourcesBuildPhase;
			buildActionMask = 2147483647;
			files = (
				E5C106BF215408B000947220 /* LaunchScreen.storyboard in Resources */,
				E543F3F62162B77200329519 /* Orbitron-Medium.ttf in Resources */,
				E5C106BC215408B000947220 /* Assets.xcassets in Resources */,
				E5C106BA215408AF00947220 /* Main.storyboard in Resources */,
				E543F3F52162B77200329519 /* Orbitron-Black.ttf in Resources */,
				E543F3F92162B77200329519 /* Orbitron-Bold.ttf in Resources */,
				E543F3F72162B77200329519 /* Orbitron-Regular.ttf in Resources */,
				E543F3F82162B77200329519 /* OFL.txt in Resources */,
			);
			runOnlyForDeploymentPostprocessing = 0;
		};
		E5C106C3215408B100947220 /* Resources */ = {
			isa = PBXResourcesBuildPhase;
			buildActionMask = 2147483647;
			files = (
			);
			runOnlyForDeploymentPostprocessing = 0;
		};
		E5C106CE215408B100947220 /* Resources */ = {
			isa = PBXResourcesBuildPhase;
			buildActionMask = 2147483647;
			files = (
			);
			runOnlyForDeploymentPostprocessing = 0;
		};
/* End PBXResourcesBuildPhase section */

/* Begin PBXSourcesBuildPhase section */
		E5C106AD215408AF00947220 /* Sources */ = {
			isa = PBXSourcesBuildPhase;
			buildActionMask = 2147483647;
			files = (
				E5AB86E821DE6A4000337825 /* OptionsMenuViewController.swift in Sources */,
				E56E325C2173612500A16788 /* LevelTableViewController.swift in Sources */,
				E503C75B21E1351100D3FD47 /* LevelSet.swift in Sources */,
				E5B2FB6E216A8A8400A13D18 /* FlippingHell.swift in Sources */,
				E5AB86E421DE627400337825 /* AboutViewController.swift in Sources */,
				E5C106B7215408AF00947220 /* MainViewController.swift in Sources */,
				E54E2957219A0F120042934E /* WinScreenController.swift in Sources */,
				E5AB86E021DE4AD700337825 /* LevelMenuViewController.swift in Sources */,
				E5F12CC121B94949004D0176 /* GameViewController.swift in Sources */,
				E5AB86E621DE634900337825 /* HelpViewController.swift in Sources */,
				E5AB86EA21DE6A5400337825 /* AboutMenuViewController.swift in Sources */,
				E508CECD216FD98C0029408A /* LevelTableViewCell.swift in Sources */,
				E56E325A21735E8200A16788 /* Level.swift in Sources */,
				E5C106B5215408AF00947220 /* AppDelegate.swift in Sources */,
				E5AB86E221DE625300337825 /* OptionsViewController.swift in Sources */,
			);
			runOnlyForDeploymentPostprocessing = 0;
		};
		E5C106C1215408B100947220 /* Sources */ = {
			isa = PBXSourcesBuildPhase;
			buildActionMask = 2147483647;
			files = (
				E5C106CA215408B100947220 /* Flipping_HellTests.swift in Sources */,
			);
			runOnlyForDeploymentPostprocessing = 0;
		};
		E5C106CC215408B100947220 /* Sources */ = {
			isa = PBXSourcesBuildPhase;
			buildActionMask = 2147483647;
			files = (
				E5C106D5215408B100947220 /* Flipping_HellUITests.swift in Sources */,
			);
			runOnlyForDeploymentPostprocessing = 0;
		};
/* End PBXSourcesBuildPhase section */

/* Begin PBXTargetDependency section */
		E5C106C7215408B100947220 /* PBXTargetDependency */ = {
			isa = PBXTargetDependency;
			target = E5C106B0215408AF00947220 /* Flipping Hell */;
			targetProxy = E5C106C6215408B100947220 /* PBXContainerItemProxy */;
		};
		E5C106D2215408B100947220 /* PBXTargetDependency */ = {
			isa = PBXTargetDependency;
			target = E5C106B0215408AF00947220 /* Flipping Hell */;
			targetProxy = E5C106D1215408B100947220 /* PBXContainerItemProxy */;
		};
/* End PBXTargetDependency section */

/* Begin PBXVariantGroup section */
		E5C106B8215408AF00947220 /* Main.storyboard */ = {
			isa = PBXVariantGroup;
			children = (
				E5C106B9215408AF00947220 /* Base */,
			);
			name = Main.storyboard;
			sourceTree = "<group>";
		};
		E5C106BD215408B000947220 /* LaunchScreen.storyboard */ = {
			isa = PBXVariantGroup;
			children = (
				E5C106BE215408B000947220 /* Base */,
			);
			name = LaunchScreen.storyboard;
			sourceTree = "<group>";
		};
/* End PBXVariantGroup section */

/* Begin XCBuildConfiguration section */
		E5C106D7215408B100947220 /* Debug */ = {
			isa = XCBuildConfiguration;
			buildSettings = {
				ALWAYS_SEARCH_USER_PATHS = NO;
				CLANG_ANALYZER_NONNULL = YES;
				CLANG_ANALYZER_NUMBER_OBJECT_CONVERSION = YES_AGGRESSIVE;
				CLANG_CXX_LANGUAGE_STANDARD = "gnu++14";
				CLANG_CXX_LIBRARY = "libc++";
				CLANG_ENABLE_MODULES = YES;
				CLANG_ENABLE_OBJC_ARC = YES;
				CLANG_ENABLE_OBJC_WEAK = YES;
				CLANG_WARN_BLOCK_CAPTURE_AUTORELEASING = YES;
				CLANG_WARN_BOOL_CONVERSION = YES;
				CLANG_WARN_COMMA = YES;
				CLANG_WARN_CONSTANT_CONVERSION = YES;
				CLANG_WARN_DEPRECATED_OBJC_IMPLEMENTATIONS = YES;
				CLANG_WARN_DIRECT_OBJC_ISA_USAGE = YES_ERROR;
				CLANG_WARN_DOCUMENTATION_COMMENTS = YES;
				CLANG_WARN_EMPTY_BODY = YES;
				CLANG_WARN_ENUM_CONVERSION = YES;
				CLANG_WARN_INFINITE_RECURSION = YES;
				CLANG_WARN_INT_CONVERSION = YES;
				CLANG_WARN_NON_LITERAL_NULL_CONVERSION = YES;
				CLANG_WARN_OBJC_IMPLICIT_RETAIN_SELF = YES;
				CLANG_WARN_OBJC_LITERAL_CONVERSION = YES;
				CLANG_WARN_OBJC_ROOT_CLASS = YES_ERROR;
				CLANG_WARN_RANGE_LOOP_ANALYSIS = YES;
				CLANG_WARN_STRICT_PROTOTYPES = YES;
				CLANG_WARN_SUSPICIOUS_MOVE = YES;
				CLANG_WARN_UNGUARDED_AVAILABILITY = YES_AGGRESSIVE;
				CLANG_WARN_UNREACHABLE_CODE = YES;
				CLANG_WARN__DUPLICATE_METHOD_MATCH = YES;
				CODE_SIGN_IDENTITY = "iPhone Developer";
				COPY_PHASE_STRIP = NO;
				DEBUG_INFORMATION_FORMAT = dwarf;
				ENABLE_STRICT_OBJC_MSGSEND = YES;
				ENABLE_TESTABILITY = YES;
				GCC_C_LANGUAGE_STANDARD = gnu11;
				GCC_DYNAMIC_NO_PIC = NO;
				GCC_NO_COMMON_BLOCKS = YES;
				GCC_OPTIMIZATION_LEVEL = 0;
				GCC_PREPROCESSOR_DEFINITIONS = (
					"DEBUG=1",
					"$(inherited)",
				);
				GCC_WARN_64_TO_32_BIT_CONVERSION = YES;
				GCC_WARN_ABOUT_RETURN_TYPE = YES_ERROR;
				GCC_WARN_UNDECLARED_SELECTOR = YES;
				GCC_WARN_UNINITIALIZED_AUTOS = YES_AGGRESSIVE;
				GCC_WARN_UNUSED_FUNCTION = YES;
				GCC_WARN_UNUSED_VARIABLE = YES;
				IPHONEOS_DEPLOYMENT_TARGET = 12.0;
				MTL_ENABLE_DEBUG_INFO = INCLUDE_SOURCE;
				MTL_FAST_MATH = YES;
				ONLY_ACTIVE_ARCH = YES;
				SDKROOT = iphoneos;
				SWIFT_ACTIVE_COMPILATION_CONDITIONS = DEBUG;
				SWIFT_OPTIMIZATION_LEVEL = "-Onone";
			};
			name = Debug;
		};
		E5C106D8215408B100947220 /* Release */ = {
			isa = XCBuildConfiguration;
			buildSettings = {
				ALWAYS_SEARCH_USER_PATHS = NO;
				CLANG_ANALYZER_NONNULL = YES;
				CLANG_ANALYZER_NUMBER_OBJECT_CONVERSION = YES_AGGRESSIVE;
				CLANG_CXX_LANGUAGE_STANDARD = "gnu++14";
				CLANG_CXX_LIBRARY = "libc++";
				CLANG_ENABLE_MODULES = YES;
				CLANG_ENABLE_OBJC_ARC = YES;
				CLANG_ENABLE_OBJC_WEAK = YES;
				CLANG_WARN_BLOCK_CAPTURE_AUTORELEASING = YES;
				CLANG_WARN_BOOL_CONVERSION = YES;
				CLANG_WARN_COMMA = YES;
				CLANG_WARN_CONSTANT_CONVERSION = YES;
				CLANG_WARN_DEPRECATED_OBJC_IMPLEMENTATIONS = YES;
				CLANG_WARN_DIRECT_OBJC_ISA_USAGE = YES_ERROR;
				CLANG_WARN_DOCUMENTATION_COMMENTS = YES;
				CLANG_WARN_EMPTY_BODY = YES;
				CLANG_WARN_ENUM_CONVERSION = YES;
				CLANG_WARN_INFINITE_RECURSION = YES;
				CLANG_WARN_INT_CONVERSION = YES;
				CLANG_WARN_NON_LITERAL_NULL_CONVERSION = YES;
				CLANG_WARN_OBJC_IMPLICIT_RETAIN_SELF = YES;
				CLANG_WARN_OBJC_LITERAL_CONVERSION = YES;
				CLANG_WARN_OBJC_ROOT_CLASS = YES_ERROR;
				CLANG_WARN_RANGE_LOOP_ANALYSIS = YES;
				CLANG_WARN_STRICT_PROTOTYPES = YES;
				CLANG_WARN_SUSPICIOUS_MOVE = YES;
				CLANG_WARN_UNGUARDED_AVAILABILITY = YES_AGGRESSIVE;
				CLANG_WARN_UNREACHABLE_CODE = YES;
				CLANG_WARN__DUPLICATE_METHOD_MATCH = YES;
				CODE_SIGN_IDENTITY = "iPhone Developer";
				COPY_PHASE_STRIP = NO;
				DEBUG_INFORMATION_FORMAT = "dwarf-with-dsym";
				ENABLE_NS_ASSERTIONS = NO;
				ENABLE_STRICT_OBJC_MSGSEND = YES;
				GCC_C_LANGUAGE_STANDARD = gnu11;
				GCC_NO_COMMON_BLOCKS = YES;
				GCC_WARN_64_TO_32_BIT_CONVERSION = YES;
				GCC_WARN_ABOUT_RETURN_TYPE = YES_ERROR;
				GCC_WARN_UNDECLARED_SELECTOR = YES;
				GCC_WARN_UNINITIALIZED_AUTOS = YES_AGGRESSIVE;
				GCC_WARN_UNUSED_FUNCTION = YES;
				GCC_WARN_UNUSED_VARIABLE = YES;
				IPHONEOS_DEPLOYMENT_TARGET = 12.0;
				MTL_ENABLE_DEBUG_INFO = NO;
				MTL_FAST_MATH = YES;
				SDKROOT = iphoneos;
				SWIFT_COMPILATION_MODE = wholemodule;
				SWIFT_OPTIMIZATION_LEVEL = "-O";
				VALIDATE_PRODUCT = YES;
			};
			name = Release;
		};
		E5C106DA215408B100947220 /* Debug */ = {
			isa = XCBuildConfiguration;
			buildSettings = {
				ASSETCATALOG_COMPILER_APPICON_NAME = AppIcon;
				CODE_SIGN_STYLE = Automatic;
				DEVELOPMENT_TEAM = NCTH68755D;
				INFOPLIST_FILE = "Flipping Hell/Info.plist";
				LD_RUNPATH_SEARCH_PATHS = (
					"$(inherited)",
					"@executable_path/Frameworks",
				);
				PRODUCT_BUNDLE_IDENTIFIER = "com.hansguntersson.Flipping-Hell";
				PRODUCT_NAME = "$(TARGET_NAME)";
				SWIFT_VERSION = 4.2;
				TARGETED_DEVICE_FAMILY = "1,2";
			};
			name = Debug;
		};
		E5C106DB215408B100947220 /* Release */ = {
			isa = XCBuildConfiguration;
			buildSettings = {
				ASSETCATALOG_COMPILER_APPICON_NAME = AppIcon;
				CODE_SIGN_STYLE = Automatic;
				DEVELOPMENT_TEAM = NCTH68755D;
				INFOPLIST_FILE = "Flipping Hell/Info.plist";
				LD_RUNPATH_SEARCH_PATHS = (
					"$(inherited)",
					"@executable_path/Frameworks",
				);
				PRODUCT_BUNDLE_IDENTIFIER = "com.hansguntersson.Flipping-Hell";
				PRODUCT_NAME = "$(TARGET_NAME)";
				SWIFT_VERSION = 4.2;
				TARGETED_DEVICE_FAMILY = "1,2";
			};
			name = Release;
		};
		E5C106DD215408B100947220 /* Debug */ = {
			isa = XCBuildConfiguration;
			buildSettings = {
				ALWAYS_EMBED_SWIFT_STANDARD_LIBRARIES = YES;
				BUNDLE_LOADER = "$(TEST_HOST)";
				CODE_SIGN_STYLE = Automatic;
				DEVELOPMENT_TEAM = NCTH68755D;
				INFOPLIST_FILE = "Flipping HellTests/Info.plist";
				LD_RUNPATH_SEARCH_PATHS = (
					"$(inherited)",
					"@executable_path/Frameworks",
					"@loader_path/Frameworks",
				);
				PRODUCT_BUNDLE_IDENTIFIER = "com.hansguntersson.Flipping-HellTests";
				PRODUCT_NAME = "$(TARGET_NAME)";
				SWIFT_VERSION = 4.2;
				TARGETED_DEVICE_FAMILY = "1,2";
				TEST_HOST = "$(BUILT_PRODUCTS_DIR)/Flipping Hell.app/Flipping Hell";
			};
			name = Debug;
		};
		E5C106DE215408B100947220 /* Release */ = {
			isa = XCBuildConfiguration;
			buildSettings = {
				ALWAYS_EMBED_SWIFT_STANDARD_LIBRARIES = YES;
				BUNDLE_LOADER = "$(TEST_HOST)";
				CODE_SIGN_STYLE = Automatic;
				DEVELOPMENT_TEAM = NCTH68755D;
				INFOPLIST_FILE = "Flipping HellTests/Info.plist";
				LD_RUNPATH_SEARCH_PATHS = (
					"$(inherited)",
					"@executable_path/Frameworks",
					"@loader_path/Frameworks",
				);
				PRODUCT_BUNDLE_IDENTIFIER = "com.hansguntersson.Flipping-HellTests";
				PRODUCT_NAME = "$(TARGET_NAME)";
				SWIFT_VERSION = 4.2;
				TARGETED_DEVICE_FAMILY = "1,2";
				TEST_HOST = "$(BUILT_PRODUCTS_DIR)/Flipping Hell.app/Flipping Hell";
			};
			name = Release;
		};
		E5C106E0215408B100947220 /* Debug */ = {
			isa = XCBuildConfiguration;
			buildSettings = {
				ALWAYS_EMBED_SWIFT_STANDARD_LIBRARIES = YES;
				CODE_SIGN_STYLE = Automatic;
				DEVELOPMENT_TEAM = NCTH68755D;
				INFOPLIST_FILE = "Flipping HellUITests/Info.plist";
				LD_RUNPATH_SEARCH_PATHS = (
					"$(inherited)",
					"@executable_path/Frameworks",
					"@loader_path/Frameworks",
				);
				PRODUCT_BUNDLE_IDENTIFIER = "com.hansguntersson.Flipping-HellUITests";
				PRODUCT_NAME = "$(TARGET_NAME)";
				SWIFT_VERSION = 4.2;
				TARGETED_DEVICE_FAMILY = "1,2";
				TEST_TARGET_NAME = "Flipping Hell";
			};
			name = Debug;
		};
		E5C106E1215408B100947220 /* Release */ = {
			isa = XCBuildConfiguration;
			buildSettings = {
				ALWAYS_EMBED_SWIFT_STANDARD_LIBRARIES = YES;
				CODE_SIGN_STYLE = Automatic;
				DEVELOPMENT_TEAM = NCTH68755D;
				INFOPLIST_FILE = "Flipping HellUITests/Info.plist";
				LD_RUNPATH_SEARCH_PATHS = (
					"$(inherited)",
					"@executable_path/Frameworks",
					"@loader_path/Frameworks",
				);
				PRODUCT_BUNDLE_IDENTIFIER = "com.hansguntersson.Flipping-HellUITests";
				PRODUCT_NAME = "$(TARGET_NAME)";
				SWIFT_VERSION = 4.2;
				TARGETED_DEVICE_FAMILY = "1,2";
				TEST_TARGET_NAME = "Flipping Hell";
			};
			name = Release;
		};
/* End XCBuildConfiguration section */

/* Begin XCConfigurationList section */
		E5C106AC215408AF00947220 /* Build configuration list for PBXProject "Flipping Hell" */ = {
			isa = XCConfigurationList;
			buildConfigurations = (
				E5C106D7215408B100947220 /* Debug */,
				E5C106D8215408B100947220 /* Release */,
			);
			defaultConfigurationIsVisible = 0;
			defaultConfigurationName = Release;
		};
		E5C106D9215408B100947220 /* Build configuration list for PBXNativeTarget "Flipping Hell" */ = {
			isa = XCConfigurationList;
			buildConfigurations = (
				E5C106DA215408B100947220 /* Debug */,
				E5C106DB215408B100947220 /* Release */,
			);
			defaultConfigurationIsVisible = 0;
			defaultConfigurationName = Release;
		};
		E5C106DC215408B100947220 /* Build configuration list for PBXNativeTarget "Flipping HellTests" */ = {
			isa = XCConfigurationList;
			buildConfigurations = (
				E5C106DD215408B100947220 /* Debug */,
				E5C106DE215408B100947220 /* Release */,
			);
			defaultConfigurationIsVisible = 0;
			defaultConfigurationName = Release;
		};
		E5C106DF215408B100947220 /* Build configuration list for PBXNativeTarget "Flipping HellUITests" */ = {
			isa = XCConfigurationList;
			buildConfigurations = (
				E5C106E0215408B100947220 /* Debug */,
				E5C106E1215408B100947220 /* Release */,
			);
			defaultConfigurationIsVisible = 0;
			defaultConfigurationName = Release;
		};
/* End XCConfigurationList section */
	};
	rootObject = E5C106A9215408AF00947220 /* Project object */;
}
